
Microsoft Visual Studio Solution File, Format Version 12.00
# Visual Studio Version 16
VisualStudioVersion = 16.0.31313.79
MinimumVisualStudioVersion = 10.0.40219.1
Project("{FAE04EC0-301F-11D3-BF4B-00C04F79EFBC}") = "ReadDataFromNotepad.Data.ConsoleApp", "ReadDataFromNotepad.Data.ConsoleApp.csproj", "{99F35246-9EF2-4AA3-BB16-F8FA95CE5497}"
EndProject
Global
	GlobalSection(SolutionConfigurationPlatforms) = preSolution
		Debug|Any CPU = Debug|Any CPU
		Release|Any CPU = Release|Any CPU
	EndGlobalSection
	GlobalSection(ProjectConfigurationPlatforms) = postSolution
		{99F35246-9EF2-4AA3-BB16-F8FA95CE5497}.Debug|Any CPU.ActiveCfg = Debug|Any CPU
		{99F35246-9EF2-4AA3-BB16-F8FA95CE5497}.Debug|Any CPU.Build.0 = Debug|Any CPU
		{99F35246-9EF2-4AA3-BB16-F8FA95CE5497}.Release|Any CPU.ActiveCfg = Release|Any CPU
		{99F35246-9EF2-4AA3-BB16-F8FA95CE5497}.Release|Any CPU.Build.0 = Release|Any CPU
	EndGlobalSection
	GlobalSection(SolutionProperties) = preSolution
		HideSolutionNode = FALSE
	EndGlobalSection
	GlobalSection(ExtensibilityGlobals) = postSolution
		SolutionGuid = {CC52DE9C-58B3-4610-87D6-4A1859F4DC9E}
	EndGlobalSection
EndGlobal
